# THIS IS AN AUTOGENERATED FILE. DO NOT EDIT THIS FILE DIRECTLY.
# yarn lockfile v1


"@devoxa/prettier-config@1.0.2":
  version "1.0.2"
  resolved "https://registry.yarnpkg.com/@devoxa/prettier-config/-/prettier-config-1.0.2.tgz#0ccde044ec67d5702655f3eac5de2aae7d9005d6"
  integrity sha512-dAGMCT9uZgcsxfAVVVPf7dQ8ftJUSAfih/Vupy8srSjm6vop4ItImUUch2zFekjKQ97CkxxcYizo21gVb1+U3w==

prettier@2.8.1:
  version "2.8.1"
  resolved "https://registry.yarnpkg.com/prettier/-/prettier-2.8.1.tgz#4e1fd11c34e2421bc1da9aea9bd8127cd0a35efc"
  integrity sha512-lqGoSJBQNJidqCHE80vqZJHWHRFoNYsSpP9AjFhlhi9ODCJA541svILes/+/1GM3VaL/abZi7cpFzOpdR9UPKg==
