# THIS IS AN AUTOGENERATED FILE. DO NOT EDIT THIS FILE DIRECTLY.
# yarn lockfile v1


"@devoxa/prettier-config@2.0.1":
  version "2.0.1"
  resolved "https://registry.yarnpkg.com/@devoxa/prettier-config/-/prettier-config-2.0.1.tgz#902d9d73570033bf6c714946d49aa9a25af0ab33"
  integrity sha512-OXjVzQcCiBMP7qZLre7OVZPg79CTjLeu3X1KUyHn4kHZ/YHGeYbS+GO6DSk8CkQE0Ncsj6j2Xg1unZd/LnB7VQ==
  dependencies:
    prettier-plugin-organize-imports "3.2.2"

prettier-plugin-organize-imports@3.2.2:
  version "3.2.2"
  resolved "https://registry.yarnpkg.com/prettier-plugin-organize-imports/-/prettier-plugin-organize-imports-3.2.2.tgz#91993365e017daa5d0d28d8183179834224d8dd1"
  integrity sha512-e97lE6odGSiHonHJMTYC0q0iLXQyw0u5z/PJpvP/3vRy6/Zi9kLBwFAbEGjDzIowpjQv8b+J04PDamoUSQbzGA==

prettier@2.8.3:
  version "2.8.3"
  resolved "https://registry.yarnpkg.com/prettier/-/prettier-2.8.3.tgz#ab697b1d3dd46fb4626fbe2f543afe0cc98d8632"
  integrity sha512-tJ/oJ4amDihPoufT5sM0Z1SKEuKay8LfVAMlbbhnnkvt6BUserZylqo2PN+p9KeljLr0OHa2rXHU1T8reeoTrw==

typescript@4.9.4:
  version "4.9.4"
  resolved "https://registry.yarnpkg.com/typescript/-/typescript-4.9.4.tgz#a2a3d2756c079abda241d75f149df9d561091e78"
  integrity sha512-Uz+dTXYzxXXbsFpM86Wh3dKCxrQqUcVMxwU54orwlJjOpO3ao8L7j5lH+dWfTwgCwIuM9GQ2kvVotzYJMXTBZg==
