# THIS IS AN AUTOGENERATED FILE. DO NOT EDIT THIS FILE DIRECTLY.
# yarn lockfile v1


"@devoxa/prettier-config@1.0.2":
  version "1.0.2"
  resolved "https://registry.yarnpkg.com/@devoxa/prettier-config/-/prettier-config-1.0.2.tgz#0ccde044ec67d5702655f3eac5de2aae7d9005d6"
  integrity sha512-dAGMCT9uZgcsxfAVVVPf7dQ8ftJUSAfih/Vupy8srSjm6vop4ItImUUch2zFekjKQ97CkxxcYizo21gVb1+U3w==

prettier@2.5.1:
  version "2.5.1"
  resolved "https://registry.yarnpkg.com/prettier/-/prettier-2.5.1.tgz#fff75fa9d519c54cf0fce328c1017d94546bc56a"
  integrity sha512-vBZcPRUR5MZJwoyi3ZoyQlc1rXeEck8KgeC9AwwOn+exuxLxq5toTRDTSaVrXHxelDMHy9zlicw8u66yxoSUFg==
